Microsoft Visual Studio Solution File, Format Version 12.00
# Visual Studio Version 17
VisualStudioVersion = 17.5.2.0
MinimumVisualStudioVersion = 10.0.40219.1
Project("{FAE04EC0-301F-11D3-BF4B-00C04F79EFBC}") = "AlbumV", "AlbumV.csproj", "{DD31BBF1-FF8C-4C89-BFBE-70FB66F8366C}"
EndProject
Global
	GlobalSection(SolutionConfigurationPlatforms) = preSolution
		Debug|Any CPU = Debug|Any CPU
		Release|Any CPU = Release|Any CPU
	EndGlobalSection
	GlobalSection(ProjectConfigurationPlatforms) = postSolution
		{DD31BBF1-FF8C-4C89-BFBE-70FB66F8366C}.Debug|Any CPU.ActiveCfg = Debug|Any CPU
		{DD31BBF1-FF8C-4C89-BFBE-70FB66F8366C}.Debug|Any CPU.Build.0 = Debug|Any CPU
		{DD31BBF1-FF8C-4C89-BFBE-70FB66F8366C}.Release|Any CPU.ActiveCfg = Release|Any CPU
		{DD31BBF1-FF8C-4C89-BFBE-70FB66F8366C}.Release|Any CPU.Build.0 = Release|Any CPU
	EndGlobalSection
	GlobalSection(SolutionProperties) = preSolution
		HideSolutionNode = FALSE
	EndGlobalSection
	GlobalSection(ExtensibilityGlobals) = postSolution
		SolutionGuid = {D62ED5BA-7B1B-4FF0-B6BD-E384A737691E}
	EndGlobalSection
EndGlobal
